# This file is automatically @generated by Poetry 1.4.1 and should not be changed by hand.

[[package]]
name = "diagram"
version = "0.2.28"
description = "Text mode diagrams using UTF-8 characters and fancy colors"
category = "main"
optional = false
python-versions = "*"
files = [
    {file = "diagram-0.2.28-py2-none-any.whl", hash = "sha256:1d3529751c3b0c6437fa78abf91b6d5709cdc8a6a963c3e548c36dab7b607e41"},
    {file = "diagram-0.2.28-py3-none-any.whl", hash = "sha256:996663dff771b6e45ed983647808caf89de22f7eb860b02822b31f85460729ab"},
    {file = "diagram-0.2.28.tar.gz", hash = "sha256:cad92799c4340bc57a757f598024779f4866fcda49f17764d0f148a57d3f9d5c"},
]

[metadata]
lock-version = "2.0"
python-versions = "^3.9"
content-hash = "091e52964144eb89fa84282970810e9b1a8ad5b3ce7e1b371214414ce840da5c"
